
Microsoft Visual Studio Solution File, Format Version 12.00
# Visual Studio 15
VisualStudioVersion = 15.0.28307.757
MinimumVisualStudioVersion = 10.0.40219.1
Project("{FAE04EC0-301F-11D3-BF4B-00C04F79EFBC}") = "ADMVC", "ADMVC\ADMVC.csproj", "{7032AC03-D491-4293-8113-C484500E4EEA}"
EndProject
Project("{FAE04EC0-301F-11D3-BF4B-00C04F79EFBC}") = "ADMVCAuto", "ADMVCAuto\ADMVCAuto.csproj", "{C56C82C8-F115-439B-A01D-B7012AFD6B29}"
EndProject
Project("{FAE04EC0-301F-11D3-BF4B-00C04F79EFBC}") = "WebApi", "WebApi\WebApi.csproj", "{205E04AF-1420-4532-8656-F84B41940383}"
EndProject
Project("{FAE04EC0-301F-11D3-BF4B-00C04F79EFBC}") = "ConsoleApp1", "ConsoleApp1\ConsoleApp1.csproj", "{E1E3F79C-96EB-40A9-9CE1-5E40664D5B39}"
EndProject
Global
	GlobalSection(SolutionConfigurationPlatforms) = preSolution
		Debug|Any CPU = Debug|Any CPU
		Release|Any CPU = Release|Any CPU
	EndGlobalSection
	GlobalSection(ProjectConfigurationPlatforms) = postSolution
		{7032AC03-D491-4293-8113-C484500E4EEA}.Debug|Any CPU.ActiveCfg = Debug|Any CPU
		{7032AC03-D491-4293-8113-C484500E4EEA}.Debug|Any CPU.Build.0 = Debug|Any CPU
		{7032AC03-D491-4293-8113-C484500E4EEA}.Release|Any CPU.ActiveCfg = Release|Any CPU
		{7032AC03-D491-4293-8113-C484500E4EEA}.Release|Any CPU.Build.0 = Release|Any CPU
		{C56C82C8-F115-439B-A01D-B7012AFD6B29}.Debug|Any CPU.ActiveCfg = Debug|Any CPU
		{C56C82C8-F115-439B-A01D-B7012AFD6B29}.Debug|Any CPU.Build.0 = Debug|Any CPU
		{C56C82C8-F115-439B-A01D-B7012AFD6B29}.Release|Any CPU.ActiveCfg = Release|Any CPU
		{C56C82C8-F115-439B-A01D-B7012AFD6B29}.Release|Any CPU.Build.0 = Release|Any CPU
		{205E04AF-1420-4532-8656-F84B41940383}.Debug|Any CPU.ActiveCfg = Debug|Any CPU
		{205E04AF-1420-4532-8656-F84B41940383}.Debug|Any CPU.Build.0 = Debug|Any CPU
		{205E04AF-1420-4532-8656-F84B41940383}.Release|Any CPU.ActiveCfg = Release|Any CPU
		{205E04AF-1420-4532-8656-F84B41940383}.Release|Any CPU.Build.0 = Release|Any CPU
		{E1E3F79C-96EB-40A9-9CE1-5E40664D5B39}.Debug|Any CPU.ActiveCfg = Debug|Any CPU
		{E1E3F79C-96EB-40A9-9CE1-5E40664D5B39}.Debug|Any CPU.Build.0 = Debug|Any CPU
		{E1E3F79C-96EB-40A9-9CE1-5E40664D5B39}.Release|Any CPU.ActiveCfg = Release|Any CPU
		{E1E3F79C-96EB-40A9-9CE1-5E40664D5B39}.Release|Any CPU.Build.0 = Release|Any CPU
	EndGlobalSection
	GlobalSection(SolutionProperties) = preSolution
		HideSolutionNode = FALSE
	EndGlobalSection
	GlobalSection(ExtensibilityGlobals) = postSolution
		SolutionGuid = {613F8D8C-49E1-4ED8-948F-A637717C0D1F}
	EndGlobalSection
EndGlobal
